// !$*UTF8*$!
{
	archiveVersion = 1;
	classes = {
	};
	objectVersion = 50;
	objects = {

/* Begin PBXBuildFile section */
		4C28A1A725D88F77007922C6 /* SpotifyiOS.framework in Frameworks */ = {isa = PBXBuildFile; fileRef = 4C28A1A625D88F77007922C6 /* SpotifyiOS.framework */; };
		4C28A1B125D8950F007922C6 /* SpotifyManager.swift in Sources */ = {isa = PBXBuildFile; fileRef = 4C28A1B025D8950F007922C6 /* SpotifyManager.swift */; };
		4C5BEC4225D8675000D258C6 /* WavesApp.swift in Sources */ = {isa = PBXBuildFile; fileRef = 4C5BEC4125D8675000D258C6 /* WavesApp.swift */; };
		4C5BEC4425D8675000D258C6 /* MainView.swift in Sources */ = {isa = PBXBuildFile; fileRef = 4C5BEC4325D8675000D258C6 /* MainView.swift */; };
		4C5BEC4625D8675100D258C6 /* Assets.xcassets in Resources */ = {isa = PBXBuildFile; fileRef = 4C5BEC4525D8675100D258C6 /* Assets.xcassets */; };
		4C5BEC4925D8675100D258C6 /* Preview Assets.xcassets in Resources */ = {isa = PBXBuildFile; fileRef = 4C5BEC4825D8675100D258C6 /* Preview Assets.xcassets */; };
		4C5BEC4B25D8675100D258C6 /* Persistence.swift in Sources */ = {isa = PBXBuildFile; fileRef = 4C5BEC4A25D8675100D258C6 /* Persistence.swift */; };
		4C5BEC4E25D8675100D258C6 /* Waves.xcdatamodeld in Sources */ = {isa = PBXBuildFile; fileRef = 4C5BEC4C25D8675100D258C6 /* Waves.xcdatamodeld */; };
		4CCA024325EB0DE900F676DA /* WavesButton.swift in Sources */ = {isa = PBXBuildFile; fileRef = 4CCA024225EB0DE900F676DA /* WavesButton.swift */; };
/* End PBXBuildFile section */

/* Begin PBXFileReference section */
		4C28A1A625D88F77007922C6 /* SpotifyiOS.framework */ = {isa = PBXFileReference; lastKnownFileType = wrapper.framework; path = SpotifyiOS.framework; sourceTree = "<group>"; };
		4C28A1AA25D89244007922C6 /* Waves-Bridging-Header.h */ = {isa = PBXFileReference; lastKnownFileType = sourcecode.c.h; path = "Waves-Bridging-Header.h"; sourceTree = "<group>"; };
		4C28A1B025D8950F007922C6 /* SpotifyManager.swift */ = {isa = PBXFileReference; lastKnownFileType = sourcecode.swift; path = SpotifyManager.swift; sourceTree = "<group>"; };
		4C5BEC3E25D8675000D258C6 /* Waves.app */ = {isa = PBXFileReference; explicitFileType = wrapper.application; includeInIndex = 0; path = Waves.app; sourceTree = BUILT_PRODUCTS_DIR; };
		4C5BEC4125D8675000D258C6 /* WavesApp.swift */ = {isa = PBXFileReference; lastKnownFileType = sourcecode.swift; path = WavesApp.swift; sourceTree = "<group>"; };
		4C5BEC4325D8675000D258C6 /* MainView.swift */ = {isa = PBXFileReference; lastKnownFileType = sourcecode.swift; path = MainView.swift; sourceTree = "<group>"; };
		4C5BEC4525D8675100D258C6 /* Assets.xcassets */ = {isa = PBXFileReference; lastKnownFileType = folder.assetcatalog; path = Assets.xcassets; sourceTree = "<group>"; };
		4C5BEC4825D8675100D258C6 /* Preview Assets.xcassets */ = {isa = PBXFileReference; lastKnownFileType = folder.assetcatalog; path = "Preview Assets.xcassets"; sourceTree = "<group>"; };
		4C5BEC4A25D8675100D258C6 /* Persistence.swift */ = {isa = PBXFileReference; lastKnownFileType = sourcecode.swift; path = Persistence.swift; sourceTree = "<group>"; };
		4C5BEC4D25D8675100D258C6 /* Waves.xcdatamodel */ = {isa = PBXFileReference; lastKnownFileType = wrapper.xcdatamodel; path = Waves.xcdatamodel; sourceTree = "<group>"; };
		4C5BEC4F25D8675100D258C6 /* Info.plist */ = {isa = PBXFileReference; lastKnownFileType = text.plist.xml; path = Info.plist; sourceTree = "<group>"; };
		4CCA024225EB0DE900F676DA /* WavesButton.swift */ = {isa = PBXFileReference; lastKnownFileType = sourcecode.swift; path = WavesButton.swift; sourceTree = "<group>"; };
/* End PBXFileReference section */

/* Begin PBXFrameworksBuildPhase section */
		4C5BEC3B25D8675000D258C6 /* Frameworks */ = {
			isa = PBXFrameworksBuildPhase;
			buildActionMask = 2147483647;
			files = (
				4C28A1A725D88F77007922C6 /* SpotifyiOS.framework in Frameworks */,
			);
			runOnlyForDeploymentPostprocessing = 0;
		};
/* End PBXFrameworksBuildPhase section */

/* Begin PBXGroup section */
		4C5BEC3525D8675000D258C6 = {
			isa = PBXGroup;
			children = (
				4C28A1AA25D89244007922C6 /* Waves-Bridging-Header.h */,
				4C5BEC4025D8675000D258C6 /* Waves */,
				4C5BEC3F25D8675000D258C6 /* Products */,
			);
			sourceTree = "<group>";
		};
		4C5BEC3F25D8675000D258C6 /* Products */ = {
			isa = PBXGroup;
			children = (
				4C5BEC3E25D8675000D258C6 /* Waves.app */,
			);
			name = Products;
			sourceTree = "<group>";
		};
		4C5BEC4025D8675000D258C6 /* Waves */ = {
			isa = PBXGroup;
			children = (
				4C5BEC4125D8675000D258C6 /* WavesApp.swift */,
				4C5BEC4325D8675000D258C6 /* MainView.swift */,
				4C28A1B025D8950F007922C6 /* SpotifyManager.swift */,
				4C5BEC4525D8675100D258C6 /* Assets.xcassets */,
				4C5BEC4A25D8675100D258C6 /* Persistence.swift */,
				4C5BEC4F25D8675100D258C6 /* Info.plist */,
				4C5BEC4C25D8675100D258C6 /* Waves.xcdatamodeld */,
				4C28A1A625D88F77007922C6 /* SpotifyiOS.framework */,
				4C5BEC4725D8675100D258C6 /* Preview Content */,
				4CCA024225EB0DE900F676DA /* WavesButton.swift */,
			);
			path = Waves;
			sourceTree = "<group>";
		};
		4C5BEC4725D8675100D258C6 /* Preview Content */ = {
			isa = PBXGroup;
			children = (
				4C5BEC4825D8675100D258C6 /* Preview Assets.xcassets */,
			);
			path = "Preview Content";
			sourceTree = "<group>";
		};
/* End PBXGroup section */

/* Begin PBXNativeTarget section */
		4C5BEC3D25D8675000D258C6 /* Waves */ = {
			isa = PBXNativeTarget;
			buildConfigurationList = 4C5BEC5225D8675100D258C6 /* Build configuration list for PBXNativeTarget "Waves" */;
			buildPhases = (
				4C5BEC3A25D8675000D258C6 /* Sources */,
				4C5BEC3B25D8675000D258C6 /* Frameworks */,
				4C5BEC3C25D8675000D258C6 /* Resources */,
			);
			buildRules = (
			);
			dependencies = (
			);
			name = Waves;
			productName = Waves;
			productReference = 4C5BEC3E25D8675000D258C6 /* Waves.app */;
			productType = "com.apple.product-type.application";
		};
/* End PBXNativeTarget section */

/* Begin PBXProject section */
		4C5BEC3625D8675000D258C6 /* Project object */ = {
			isa = PBXProject;
			attributes = {
				LastSwiftUpdateCheck = 1240;
				LastUpgradeCheck = 1240;
				TargetAttributes = {
					4C5BEC3D25D8675000D258C6 = {
						CreatedOnToolsVersion = 12.4;
					};
				};
			};
			buildConfigurationList = 4C5BEC3925D8675000D258C6 /* Build configuration list for PBXProject "Waves" */;
			compatibilityVersion = "Xcode 9.3";
			developmentRegion = en;
			hasScannedForEncodings = 0;
			knownRegions = (
				en,
				Base,
			);
			mainGroup = 4C5BEC3525D8675000D258C6;
			productRefGroup = 4C5BEC3F25D8675000D258C6 /* Products */;
			projectDirPath = "";
			projectRoot = "";
			targets = (
				4C5BEC3D25D8675000D258C6 /* Waves */,
			);
		};
/* End PBXProject section */

/* Begin PBXResourcesBuildPhase section */
		4C5BEC3C25D8675000D258C6 /* Resources */ = {
			isa = PBXResourcesBuildPhase;
			buildActionMask = 2147483647;
			files = (
				4C5BEC4925D8675100D258C6 /* Preview Assets.xcassets in Resources */,
				4C5BEC4625D8675100D258C6 /* Assets.xcassets in Resources */,
			);
			runOnlyForDeploymentPostprocessing = 0;
		};
/* End PBXResourcesBuildPhase section */

/* Begin PBXSourcesBuildPhase section */
		4C5BEC3A25D8675000D258C6 /* Sources */ = {
			isa = PBXSourcesBuildPhase;
			buildActionMask = 2147483647;
			files = (
				4C28A1B125D8950F007922C6 /* SpotifyManager.swift in Sources */,
				4C5BEC4E25D8675100D258C6 /* Waves.xcdatamodeld in Sources */,
				4CCA024325EB0DE900F676DA /* WavesButton.swift in Sources */,
				4C5BEC4B25D8675100D258C6 /* Persistence.swift in Sources */,
				4C5BEC4425D8675000D258C6 /* MainView.swift in Sources */,
				4C5BEC4225D8675000D258C6 /* WavesApp.swift in Sources */,
			);
			runOnlyForDeploymentPostprocessing = 0;
		};
/* End PBXSourcesBuildPhase section */

/* Begin XCBuildConfiguration section */
		4C5BEC5025D8675100D258C6 /* Debug */ = {
			isa = XCBuildConfiguration;
			buildSettings = {
				ALWAYS_SEARCH_USER_PATHS = NO;
				CLANG_ANALYZER_NONNULL = YES;
				CLANG_ANALYZER_NUMBER_OBJECT_CONVERSION = YES_AGGRESSIVE;
				CLANG_CXX_LANGUAGE_STANDARD = "gnu++14";
				CLANG_CXX_LIBRARY = "libc++";
				CLANG_ENABLE_MODULES = YES;
				CLANG_ENABLE_OBJC_ARC = YES;
				CLANG_ENABLE_OBJC_WEAK = YES;
				CLANG_WARN_BLOCK_CAPTURE_AUTORELEASING = YES;
				CLANG_WARN_BOOL_CONVERSION = YES;
				CLANG_WARN_COMMA = YES;
				CLANG_WARN_CONSTANT_CONVERSION = YES;
				CLANG_WARN_DEPRECATED_OBJC_IMPLEMENTATIONS = YES;
				CLANG_WARN_DIRECT_OBJC_ISA_USAGE = YES_ERROR;
				CLANG_WARN_DOCUMENTATION_COMMENTS = YES;
				CLANG_WARN_EMPTY_BODY = YES;
				CLANG_WARN_ENUM_CONVERSION = YES;
				CLANG_WARN_INFINITE_RECURSION = YES;
				CLANG_WARN_INT_CONVERSION = YES;
				CLANG_WARN_NON_LITERAL_NULL_CONVERSION = YES;
				CLANG_WARN_OBJC_IMPLICIT_RETAIN_SELF = YES;
				CLANG_WARN_OBJC_LITERAL_CONVERSION = YES;
				CLANG_WARN_OBJC_ROOT_CLASS = YES_ERROR;
				CLANG_WARN_QUOTED_INCLUDE_IN_FRAMEWORK_HEADER = YES;
				CLANG_WARN_RANGE_LOOP_ANALYSIS = YES;
				CLANG_WARN_STRICT_PROTOTYPES = YES;
				CLANG_WARN_SUSPICIOUS_MOVE = YES;
				CLANG_WARN_UNGUARDED_AVAILABILITY = YES_AGGRESSIVE;
				CLANG_WARN_UNREACHABLE_CODE = YES;
				CLANG_WARN__DUPLICATE_METHOD_MATCH = YES;
				COPY_PHASE_STRIP = NO;
				DEBUG_INFORMATION_FORMAT = dwarf;
				ENABLE_STRICT_OBJC_MSGSEND = YES;
				ENABLE_TESTABILITY = YES;
				GCC_C_LANGUAGE_STANDARD = gnu11;
				GCC_DYNAMIC_NO_PIC = NO;
				GCC_NO_COMMON_BLOCKS = YES;
				GCC_OPTIMIZATION_LEVEL = 0;
				GCC_PREPROCESSOR_DEFINITIONS = (
					"DEBUG=1",
					"$(inherited)",
				);
				GCC_WARN_64_TO_32_BIT_CONVERSION = YES;
				GCC_WARN_ABOUT_RETURN_TYPE = YES_ERROR;
				GCC_WARN_UNDECLARED_SELECTOR = YES;
				GCC_WARN_UNINITIALIZED_AUTOS = YES_AGGRESSIVE;
				GCC_WARN_UNUSED_FUNCTION = YES;
				GCC_WARN_UNUSED_VARIABLE = YES;
				IPHONEOS_DEPLOYMENT_TARGET = 14.4;
				MTL_ENABLE_DEBUG_INFO = INCLUDE_SOURCE;
				MTL_FAST_MATH = YES;
				ONLY_ACTIVE_ARCH = YES;
				SDKROOT = iphoneos;
				SWIFT_ACTIVE_COMPILATION_CONDITIONS = DEBUG;
				SWIFT_OPTIMIZATION_LEVEL = "-Onone";
			};
			name = Debug;
		};
		4C5BEC5125D8675100D258C6 /* Release */ = {
			isa = XCBuildConfiguration;
			buildSettings = {
				ALWAYS_SEARCH_USER_PATHS = NO;
				CLANG_ANALYZER_NONNULL = YES;
				CLANG_ANALYZER_NUMBER_OBJECT_CONVERSION = YES_AGGRESSIVE;
				CLANG_CXX_LANGUAGE_STANDARD = "gnu++14";
				CLANG_CXX_LIBRARY = "libc++";
				CLANG_ENABLE_MODULES = YES;
				CLANG_ENABLE_OBJC_ARC = YES;
				CLANG_ENABLE_OBJC_WEAK = YES;
				CLANG_WARN_BLOCK_CAPTURE_AUTORELEASING = YES;
				CLANG_WARN_BOOL_CONVERSION = YES;
				CLANG_WARN_COMMA = YES;
				CLANG_WARN_CONSTANT_CONVERSION = YES;
				CLANG_WARN_DEPRECATED_OBJC_IMPLEMENTATIONS = YES;
				CLANG_WARN_DIRECT_OBJC_ISA_USAGE = YES_ERROR;
				CLANG_WARN_DOCUMENTATION_COMMENTS = YES;
				CLANG_WARN_EMPTY_BODY = YES;
				CLANG_WARN_ENUM_CONVERSION = YES;
				CLANG_WARN_INFINITE_RECURSION = YES;
				CLANG_WARN_INT_CONVERSION = YES;
				CLANG_WARN_NON_LITERAL_NULL_CONVERSION = YES;
				CLANG_WARN_OBJC_IMPLICIT_RETAIN_SELF = YES;
				CLANG_WARN_OBJC_LITERAL_CONVERSION = YES;
				CLANG_WARN_OBJC_ROOT_CLASS = YES_ERROR;
				CLANG_WARN_QUOTED_INCLUDE_IN_FRAMEWORK_HEADER = YES;
				CLANG_WARN_RANGE_LOOP_ANALYSIS = YES;
				CLANG_WARN_STRICT_PROTOTYPES = YES;
				CLANG_WARN_SUSPICIOUS_MOVE = YES;
				CLANG_WARN_UNGUARDED_AVAILABILITY = YES_AGGRESSIVE;
				CLANG_WARN_UNREACHABLE_CODE = YES;
				CLANG_WARN__DUPLICATE_METHOD_MATCH = YES;
				COPY_PHASE_STRIP = NO;
				DEBUG_INFORMATION_FORMAT = "dwarf-with-dsym";
				ENABLE_NS_ASSERTIONS = NO;
				ENABLE_STRICT_OBJC_MSGSEND = YES;
				GCC_C_LANGUAGE_STANDARD = gnu11;
				GCC_NO_COMMON_BLOCKS = YES;
				GCC_WARN_64_TO_32_BIT_CONVERSION = YES;
				GCC_WARN_ABOUT_RETURN_TYPE = YES_ERROR;
				GCC_WARN_UNDECLARED_SELECTOR = YES;
				GCC_WARN_UNINITIALIZED_AUTOS = YES_AGGRESSIVE;
				GCC_WARN_UNUSED_FUNCTION = YES;
				GCC_WARN_UNUSED_VARIABLE = YES;
				IPHONEOS_DEPLOYMENT_TARGET = 14.4;
				MTL_ENABLE_DEBUG_INFO = NO;
				MTL_FAST_MATH = YES;
				SDKROOT = iphoneos;
				SWIFT_COMPILATION_MODE = wholemodule;
				SWIFT_OPTIMIZATION_LEVEL = "-O";
				VALIDATE_PRODUCT = YES;
			};
			name = Release;
		};
		4C5BEC5325D8675100D258C6 /* Debug */ = {
			isa = XCBuildConfiguration;
			buildSettings = {
				ASSETCATALOG_COMPILER_APPICON_NAME = AppIcon;
				ASSETCATALOG_COMPILER_GLOBAL_ACCENT_COLOR_NAME = AccentColor;
				CODE_SIGN_STYLE = Automatic;
				DEVELOPMENT_ASSET_PATHS = "\"Waves/Preview Content\"";
				DEVELOPMENT_TEAM = HW2DL7UPC8;
				ENABLE_PREVIEWS = YES;
				FRAMEWORK_SEARCH_PATHS = (
					"$(inherited)",
					"$(PROJECT_DIR)/Waves",
				);
				INFOPLIST_FILE = Waves/Info.plist;
				IPHONEOS_DEPLOYMENT_TARGET = 14.0;
				LD_RUNPATH_SEARCH_PATHS = (
					"$(inherited)",
					"@executable_path/Frameworks",
				);
				OTHER_LDFLAGS = "-ObjC";
				PRODUCT_BUNDLE_IDENTIFIER = com.MichaelKoohang.Waves;
				PRODUCT_NAME = "$(TARGET_NAME)";
				SWIFT_OBJC_BRIDGING_HEADER = "Waves-Bridging-Header.h";
				SWIFT_VERSION = 5.0;
				TARGETED_DEVICE_FAMILY = "1,2";
			};
			name = Debug;
		};
		4C5BEC5425D8675100D258C6 /* Release */ = {
			isa = XCBuildConfiguration;
			buildSettings = {
				ASSETCATALOG_COMPILER_APPICON_NAME = AppIcon;
				ASSETCATALOG_COMPILER_GLOBAL_ACCENT_COLOR_NAME = AccentColor;
				CODE_SIGN_STYLE = Automatic;
				DEVELOPMENT_ASSET_PATHS = "\"Waves/Preview Content\"";
				DEVELOPMENT_TEAM = HW2DL7UPC8;
				ENABLE_PREVIEWS = YES;
				FRAMEWORK_SEARCH_PATHS = (
					"$(inherited)",
					"$(PROJECT_DIR)/Waves",
				);
				INFOPLIST_FILE = Waves/Info.plist;
				IPHONEOS_DEPLOYMENT_TARGET = 14.0;
				LD_RUNPATH_SEARCH_PATHS = (
					"$(inherited)",
					"@executable_path/Frameworks",
				);
				OTHER_LDFLAGS = "-ObjC";
				PRODUCT_BUNDLE_IDENTIFIER = com.MichaelKoohang.Waves;
				PRODUCT_NAME = "$(TARGET_NAME)";
				SWIFT_OBJC_BRIDGING_HEADER = "Waves-Bridging-Header.h";
				SWIFT_VERSION = 5.0;
				TARGETED_DEVICE_FAMILY = "1,2";
			};
			name = Release;
		};
/* End XCBuildConfiguration section */

/* Begin XCConfigurationList section */
		4C5BEC3925D8675000D258C6 /* Build configuration list for PBXProject "Waves" */ = {
			isa = XCConfigurationList;
			buildConfigurations = (
				4C5BEC5025D8675100D258C6 /* Debug */,
				4C5BEC5125D8675100D258C6 /* Release */,
			);
			defaultConfigurationIsVisible = 0;
			defaultConfigurationName = Release;
		};
		4C5BEC5225D8675100D258C6 /* Build configuration list for PBXNativeTarget "Waves" */ = {
			isa = XCConfigurationList;
			buildConfigurations = (
				4C5BEC5325D8675100D258C6 /* Debug */,
				4C5BEC5425D8675100D258C6 /* Release */,
			);
			defaultConfigurationIsVisible = 0;
			defaultConfigurationName = Release;
		};
/* End XCConfigurationList section */

/* Begin XCVersionGroup section */
		4C5BEC4C25D8675100D258C6 /* Waves.xcdatamodeld */ = {
			isa = XCVersionGroup;
			children = (
				4C5BEC4D25D8675100D258C6 /* Waves.xcdatamodel */,
			);
			currentVersion = 4C5BEC4D25D8675100D258C6 /* Waves.xcdatamodel */;
			path = Waves.xcdatamodeld;
			sourceTree = "<group>";
			versionGroupType = wrapper.xcdatamodel;
		};
/* End XCVersionGroup section */
	};
	rootObject = 4C5BEC3625D8675000D258C6 /* Project object */;
}
